
Microsoft Visual Studio Solution File, Format Version 12.00
# Visual Studio 15
VisualStudioVersion = 15.0.28307.271
MinimumVisualStudioVersion = 10.0.40219.1
Project("{FAE04EC0-301F-11D3-BF4B-00C04F79EFBC}") = "M6_TrabalhoModelo_T1", "M6_TrabalhoModelo_T1\M6_TrabalhoModelo_T1.csproj", "{FD3522DA-D826-43CF-BF2D-721FBF49BF9B}"
EndProject
Global
	GlobalSection(SolutionConfigurationPlatforms) = preSolution
		Debug|Any CPU = Debug|Any CPU
		Release|Any CPU = Release|Any CPU
	EndGlobalSection
	GlobalSection(ProjectConfigurationPlatforms) = postSolution
		{FD3522DA-D826-43CF-BF2D-721FBF49BF9B}.Debug|Any CPU.ActiveCfg = Debug|Any CPU
		{FD3522DA-D826-43CF-BF2D-721FBF49BF9B}.Debug|Any CPU.Build.0 = Debug|Any CPU
		{FD3522DA-D826-43CF-BF2D-721FBF49BF9B}.Release|Any CPU.ActiveCfg = Release|Any CPU
		{FD3522DA-D826-43CF-BF2D-721FBF49BF9B}.Release|Any CPU.Build.0 = Release|Any CPU
	EndGlobalSection
	GlobalSection(SolutionProperties) = preSolution
		HideSolutionNode = FALSE
	EndGlobalSection
	GlobalSection(ExtensibilityGlobals) = postSolution
		SolutionGuid = {2F93064D-C19C-47DF-A54F-F87BC8FDE99C}
	EndGlobalSection
EndGlobal
